
Microsoft Visual Studio Solution File, Format Version 12.00
# Visual Studio Version 16
VisualStudioVersion = 16.0.33423.256
MinimumVisualStudioVersion = 10.0.40219.1
Project("{FAE04EC0-301F-11D3-BF4B-00C04F79EFBC}") = "WebApiTestNetFramwork", "WebApiTestNetFramwork.csproj", "{D6C8A95B-830B-4604-BD19-46AD56B8CAFB}"
EndProject
Global
	GlobalSection(SolutionConfigurationPlatforms) = preSolution
		Debug|Any CPU = Debug|Any CPU
		Release|Any CPU = Release|Any CPU
	EndGlobalSection
	GlobalSection(ProjectConfigurationPlatforms) = postSolution
		{D6C8A95B-830B-4604-BD19-46AD56B8CAFB}.Debug|Any CPU.ActiveCfg = Debug|Any CPU
		{D6C8A95B-830B-4604-BD19-46AD56B8CAFB}.Debug|Any CPU.Build.0 = Debug|Any CPU
		{D6C8A95B-830B-4604-BD19-46AD56B8CAFB}.Release|Any CPU.ActiveCfg = Release|Any CPU
		{D6C8A95B-830B-4604-BD19-46AD56B8CAFB}.Release|Any CPU.Build.0 = Release|Any CPU
	EndGlobalSection
	GlobalSection(SolutionProperties) = preSolution
		HideSolutionNode = FALSE
	EndGlobalSection
	GlobalSection(ExtensibilityGlobals) = postSolution
		SolutionGuid = {21207B58-B3E6-4461-AED3-70A54B193F03}
	EndGlobalSection
EndGlobal
